
Microsoft Visual Studio Solution File, Format Version 12.00
# Visual Studio Version 17
VisualStudioVersion = 17.0.31903.59
MinimumVisualStudioVersion = 10.0.40219.1
Project("{2150E333-8FDC-42A3-9474-1A3956D46DE8}") = "src", "src", "{410FFD48-1654-4BE1-95BC-B01D3569B959}"
EndProject
Project("{FAE04EC0-301F-11D3-BF4B-00C04F79EFBC}") = "SimpleAPI", "src\SimpleAPI\SimpleAPI.csproj", "{8EE981B4-3697-4737-B005-DAEFC0FADD46}"
EndProject
Project("{2150E333-8FDC-42A3-9474-1A3956D46DE8}") = "test", "test", "{6089206B-999C-47D1-AA0E-F9D285B7BC31}"
EndProject
Project("{FAE04EC0-301F-11D3-BF4B-00C04F79EFBC}") = "SimpleAPI.Test", "test\SimpleAPI.Test\SimpleAPI.Test.csproj", "{B75911AD-2BC6-4BE0-90D7-07BAF1EDCEBB}"
EndProject
Global
	GlobalSection(SolutionConfigurationPlatforms) = preSolution
		Debug|Any CPU = Debug|Any CPU
		Release|Any CPU = Release|Any CPU
	EndGlobalSection
	GlobalSection(SolutionProperties) = preSolution
		HideSolutionNode = FALSE
	EndGlobalSection
	GlobalSection(ProjectConfigurationPlatforms) = postSolution
		{8EE981B4-3697-4737-B005-DAEFC0FADD46}.Debug|Any CPU.ActiveCfg = Debug|Any CPU
		{8EE981B4-3697-4737-B005-DAEFC0FADD46}.Debug|Any CPU.Build.0 = Debug|Any CPU
		{8EE981B4-3697-4737-B005-DAEFC0FADD46}.Release|Any CPU.ActiveCfg = Release|Any CPU
		{8EE981B4-3697-4737-B005-DAEFC0FADD46}.Release|Any CPU.Build.0 = Release|Any CPU
		{B75911AD-2BC6-4BE0-90D7-07BAF1EDCEBB}.Debug|Any CPU.ActiveCfg = Debug|Any CPU
		{B75911AD-2BC6-4BE0-90D7-07BAF1EDCEBB}.Debug|Any CPU.Build.0 = Debug|Any CPU
		{B75911AD-2BC6-4BE0-90D7-07BAF1EDCEBB}.Release|Any CPU.ActiveCfg = Release|Any CPU
		{B75911AD-2BC6-4BE0-90D7-07BAF1EDCEBB}.Release|Any CPU.Build.0 = Release|Any CPU
	EndGlobalSection
	GlobalSection(NestedProjects) = preSolution
		{8EE981B4-3697-4737-B005-DAEFC0FADD46} = {410FFD48-1654-4BE1-95BC-B01D3569B959}
		{B75911AD-2BC6-4BE0-90D7-07BAF1EDCEBB} = {6089206B-999C-47D1-AA0E-F9D285B7BC31}
	EndGlobalSection
EndGlobal
